
Microsoft Visual Studio Solution File, Format Version 12.00
# Visual Studio Version 17
VisualStudioVersion = 17.10.34707.107
MinimumVisualStudioVersion = 10.0.40219.1
Project("{FAE04EC0-301F-11D3-BF4B-00C04F79EFBC}") = "WebApplication1", "WebApplication1\WebApplication1.csproj", "{9EB34E44-29D7-4D81-B887-92BBB6B7F8A4}"
EndProject
Global
	GlobalSection(SolutionConfigurationPlatforms) = preSolution
		Debug|Any CPU = Debug|Any CPU
		Release|Any CPU = Release|Any CPU
	EndGlobalSection
	GlobalSection(ProjectConfigurationPlatforms) = postSolution
		{9EB34E44-29D7-4D81-B887-92BBB6B7F8A4}.Debug|Any CPU.ActiveCfg = Debug|Any CPU
		{9EB34E44-29D7-4D81-B887-92BBB6B7F8A4}.Debug|Any CPU.Build.0 = Debug|Any CPU
		{9EB34E44-29D7-4D81-B887-92BBB6B7F8A4}.Release|Any CPU.ActiveCfg = Release|Any CPU
		{9EB34E44-29D7-4D81-B887-92BBB6B7F8A4}.Release|Any CPU.Build.0 = Release|Any CPU
	EndGlobalSection
	GlobalSection(SolutionProperties) = preSolution
		HideSolutionNode = FALSE
	EndGlobalSection
	GlobalSection(ExtensibilityGlobals) = postSolution
		SolutionGuid = {8818C39C-29A7-4A1A-B046-600F91D16F60}
	EndGlobalSection
EndGlobal
